
Microsoft Visual Studio Solution File, Format Version 12.00
# Visual Studio 15
VisualStudioVersion = 15.0.27703.2000
MinimumVisualStudioVersion = 10.0.40219.1
Project("{FAE04EC0-301F-11D3-BF4B-00C04F79EFBC}") = "SymCrypt", "SymCrypt\SymCrypt.csproj", "{30514FCB-9C5D-4EAD-95F3-DDAA4940F8E4}"
EndProject
Global
	GlobalSection(SolutionConfigurationPlatforms) = preSolution
		Debug|Any CPU = Debug|Any CPU
		Release|Any CPU = Release|Any CPU
	EndGlobalSection
	GlobalSection(ProjectConfigurationPlatforms) = postSolution
		{30514FCB-9C5D-4EAD-95F3-DDAA4940F8E4}.Debug|Any CPU.ActiveCfg = Debug|Any CPU
		{30514FCB-9C5D-4EAD-95F3-DDAA4940F8E4}.Debug|Any CPU.Build.0 = Debug|Any CPU
		{30514FCB-9C5D-4EAD-95F3-DDAA4940F8E4}.Release|Any CPU.ActiveCfg = Release|Any CPU
		{30514FCB-9C5D-4EAD-95F3-DDAA4940F8E4}.Release|Any CPU.Build.0 = Release|Any CPU
	EndGlobalSection
	GlobalSection(SolutionProperties) = preSolution
		HideSolutionNode = FALSE
	EndGlobalSection
	GlobalSection(ExtensibilityGlobals) = postSolution
		SolutionGuid = {D798AF22-697E-48F8-9919-098EACBE5319}
	EndGlobalSection
EndGlobal
